{
  "version": 4,
  "terraform_version": "1.5.3",
  "serial": 418,
  "lineage": "f81a3305-86f0-bbd5-3c2d-1d383d687fc7",
  "outputs": {},
  "resources": [
    {
      "mode": "data",
      "type": "archive_file",
      "name": "api_zip",
      "provider": "provider[\"registry.terraform.io/hashicorp/archive\"]",
      "instances": [
        {
          "schema_version": 0,
          "attributes": {
            "excludes": null,
            "id": "816042841ea474b6da2eca9518f59018f266f2c5",
            "output_base64sha256": "GKaxyhJDF/Eh+tMXhu70Xy+UqjBOAZ138ayUhfoZows=",
            "output_file_mode": null,
            "output_md5": "f52ccc464755e1480e2c133ba5e8cc05",
            "output_path": "./.api.zip",
            "output_sha": "816042841ea474b6da2eca9518f59018f266f2c5",
            "output_size": 7210709,
            "source": [],
            "source_content": null,
            "source_content_filename": null,
            "source_dir": null,
            "source_file": "./../bin/api",
            "type": "zip"
          },
          "sensitive_attributes": []
        }
      ]
    },
    {
      "mode": "data",
      "type": "archive_file",
      "name": "loader_zip",
      "provider": "provider[\"registry.terraform.io/hashicorp/archive\"]",
      "instances": [
        {
          "schema_version": 0,
          "attributes": {
            "excludes": null,
            "id": "0610478f6d4a589e4081436d76de7cc59e92cdd8",
            "output_base64sha256": "Bb74R4SXnmwHe7zrNhS4PEpFojWBG//WphsBdyN7/30=",
            "output_file_mode": null,
            "output_md5": "254bedf1816a520cc8ce8b945c1df184",
            "output_path": "./.loader.zip",
            "output_sha": "0610478f6d4a589e4081436d76de7cc59e92cdd8",
            "output_size": 7095861,
            "source": [],
            "source_content": null,
            "source_content_filename": null,
            "source_dir": null,
            "source_file": "./../bin/loader",
            "type": "zip"
          },
          "sensitive_attributes": []
        }
      ]
    },
    {
      "mode": "data",
      "type": "archive_file",
      "name": "scraper_zip",
      "provider": "provider[\"registry.terraform.io/hashicorp/archive\"]",
      "instances": [
        {
          "schema_version": 0,
          "attributes": {
            "excludes": null,
            "id": "e4990b8bed435ec30eb81331cd805338e38e82fb",
            "output_base64sha256": "u9uwEP1/POFUa3KMU5Es1OGtPonn1ExquvsU0Bpu/uY=",
            "output_file_mode": null,
            "output_md5": "e06608b4ab3feaabd420dfeb3732e6c7",
            "output_path": "./.lambda-bundle.zip",
            "output_sha": "e4990b8bed435ec30eb81331cd805338e38e82fb",
            "output_size": 63499796,
            "source": [],
            "source_content": null,
            "source_content_filename": null,
            "source_dir": "./../scraper",
            "source_file": null,
            "type": "zip"
          },
          "sensitive_attributes": []
        }
      ]
    },
    {
      "mode": "managed",
      "type": "aws_api_gateway_deployment",
      "name": "reddit",
      "provider": "provider[\"registry.terraform.io/hashicorp/aws\"]",
      "instances": [
        {
          "schema_version": 0,
          "attributes": {
            "created_date": "2023-08-11T04:36:36Z",
            "description": "",
            "execution_arn": "arn:aws:execute-api:us-east-1:177256262739:bkfu53vpj1/prod",
            "id": "wmbuzg",
            "invoke_url": "https://bkfu53vpj1.execute-api.us-east-1.amazonaws.com/prod",
            "rest_api_id": "bkfu53vpj1",
            "stage_description": null,
            "stage_name": "prod",
            "triggers": null,
            "variables": null
          },
          "sensitive_attributes": [],
          "private": "bnVsbA==",
          "dependencies": [
            "aws_api_gateway_integration.lambda",
            "aws_api_gateway_integration.lambda_root",
            "aws_api_gateway_method.proxy",
            "aws_api_gateway_method.proxy_root",
            "aws_api_gateway_resource.proxy",
            "aws_api_gateway_rest_api.reddit",
            "aws_dynamodb_table.comments_table",
            "aws_dynamodb_table.posts_table",
            "aws_iam_role.reddit_api_lambda_role",
            "aws_lambda_function.api",
            "aws_s3_bucket.reddit-api-binary-bucket",
            "aws_s3_object.api_upload",
            "data.archive_file.api_zip",
            "null_resource.api_dependencies",
            "random_pet.lambda_binary_bucket_name"
          ]
        }
      ]
    },
    {
      "mode": "managed",
      "type": "aws_api_gateway_integration",
      "name": "lambda",
      "provider": "provider[\"registry.terraform.io/hashicorp/aws\"]",
      "instances": [
        {
          "schema_version": 0,
          "attributes": {
            "cache_key_parameters": [],
            "cache_namespace": "h28tmr",
            "connection_id": "",
            "connection_type": "INTERNET",
            "content_handling": "",
            "credentials": "",
            "http_method": "ANY",
            "id": "agi-bkfu53vpj1-h28tmr-ANY",
            "integration_http_method": "GET",
            "passthrough_behavior": "WHEN_NO_MATCH",
            "request_parameters": {},
            "request_templates": {},
            "resource_id": "h28tmr",
            "rest_api_id": "bkfu53vpj1",
            "timeout_milliseconds": 29000,
            "tls_config": [],
            "type": "AWS_PROXY",
            "uri": "arn:aws:apigateway:us-east-1:lambda:path/2015-03-31/functions/arn:aws:lambda:us-east-1:177256262739:function:reddit-api/invocations"
          },
          "sensitive_attributes": [],
          "private": "bnVsbA==",
          "dependencies": [
            "aws_api_gateway_method.proxy",
            "aws_api_gateway_resource.proxy",
            "aws_api_gateway_rest_api.reddit",
            "aws_dynamodb_table.comments_table",
            "aws_dynamodb_table.posts_table",
            "aws_iam_role.reddit_api_lambda_role",
            "aws_lambda_function.api",
            "aws_s3_bucket.reddit-api-binary-bucket",
            "aws_s3_object.api_upload",
            "data.archive_file.api_zip",
            "null_resource.api_dependencies",
            "random_pet.lambda_binary_bucket_name"
          ]
        }
      ]
    },
    {
      "mode": "managed",
      "type": "aws_api_gateway_integration",
      "name": "lambda_root",
      "provider": "provider[\"registry.terraform.io/hashicorp/aws\"]",
      "instances": [
        {
          "schema_version": 0,
          "attributes": {
            "cache_key_parameters": [],
            "cache_namespace": "zuoh4hb60h",
            "connection_id": "",
            "connection_type": "INTERNET",
            "content_handling": "",
            "credentials": "",
            "http_method": "ANY",
            "id": "agi-bkfu53vpj1-zuoh4hb60h-ANY",
            "integration_http_method": "GET",
            "passthrough_behavior": "WHEN_NO_MATCH",
            "request_parameters": {},
            "request_templates": {},
            "resource_id": "zuoh4hb60h",
            "rest_api_id": "bkfu53vpj1",
            "timeout_milliseconds": 29000,
            "tls_config": [],
            "type": "AWS_PROXY",
            "uri": "arn:aws:apigateway:us-east-1:lambda:path/2015-03-31/functions/arn:aws:lambda:us-east-1:177256262739:function:reddit-api/invocations"
          },
          "sensitive_attributes": [],
          "private": "bnVsbA==",
          "dependencies": [
            "aws_api_gateway_method.proxy_root",
            "aws_api_gateway_rest_api.reddit",
            "aws_dynamodb_table.comments_table",
            "aws_dynamodb_table.posts_table",
            "aws_iam_role.reddit_api_lambda_role",
            "aws_lambda_function.api",
            "aws_s3_bucket.reddit-api-binary-bucket",
            "aws_s3_object.api_upload",
            "data.archive_file.api_zip",
            "null_resource.api_dependencies",
            "random_pet.lambda_binary_bucket_name"
          ]
        }
      ]
    },
    {
      "mode": "managed",
      "type": "aws_api_gateway_method",
      "name": "proxy",
      "provider": "provider[\"registry.terraform.io/hashicorp/aws\"]",
      "instances": [
        {
          "schema_version": 0,
          "attributes": {
            "api_key_required": false,
            "authorization": "NONE",
            "authorization_scopes": [],
            "authorizer_id": "",
            "http_method": "ANY",
            "id": "agm-bkfu53vpj1-h28tmr-ANY",
            "operation_name": "",
            "request_models": {},
            "request_parameters": {},
            "request_validator_id": "",
            "resource_id": "h28tmr",
            "rest_api_id": "bkfu53vpj1"
          },
          "sensitive_attributes": [],
          "private": "bnVsbA==",
          "dependencies": [
            "aws_api_gateway_resource.proxy",
            "aws_api_gateway_rest_api.reddit"
          ]
        }
      ]
    },
    {
      "mode": "managed",
      "type": "aws_api_gateway_method",
      "name": "proxy_root",
      "provider": "provider[\"registry.terraform.io/hashicorp/aws\"]",
      "instances": [
        {
          "schema_version": 0,
          "attributes": {
            "api_key_required": false,
            "authorization": "NONE",
            "authorization_scopes": [],
            "authorizer_id": "",
            "http_method": "ANY",
            "id": "agm-bkfu53vpj1-zuoh4hb60h-ANY",
            "operation_name": "",
            "request_models": {},
            "request_parameters": {},
            "request_validator_id": "",
            "resource_id": "zuoh4hb60h",
            "rest_api_id": "bkfu53vpj1"
          },
          "sensitive_attributes": [],
          "private": "bnVsbA==",
          "dependencies": [
            "aws_api_gateway_rest_api.reddit"
          ]
        }
      ]
    },
    {
      "mode": "managed",
      "type": "aws_api_gateway_resource",
      "name": "proxy",
      "provider": "provider[\"registry.terraform.io/hashicorp/aws\"]",
      "instances": [
        {
          "schema_version": 0,
          "attributes": {
            "id": "h28tmr",
            "parent_id": "zuoh4hb60h",
            "path": "/{proxy+}",
            "path_part": "{proxy+}",
            "rest_api_id": "bkfu53vpj1"
          },
          "sensitive_attributes": [],
          "private": "bnVsbA==",
          "dependencies": [
            "aws_api_gateway_rest_api.reddit"
          ]
        }
      ]
    },
    {
      "mode": "managed",
      "type": "aws_api_gateway_rest_api",
      "name": "reddit",
      "provider": "provider[\"registry.terraform.io/hashicorp/aws\"]",
      "instances": [
        {
          "schema_version": 0,
          "attributes": {
            "api_key_source": "HEADER",
            "arn": "arn:aws:apigateway:us-east-1::/restapis/bkfu53vpj1",
            "binary_media_types": [],
            "body": null,
            "created_date": "2023-08-11T04:35:42Z",
            "description": "Reddit API Gateway",
            "disable_execute_api_endpoint": false,
            "endpoint_configuration": [
              {
                "types": [
                  "EDGE"
                ],
                "vpc_endpoint_ids": []
              }
            ],
            "execution_arn": "arn:aws:execute-api:us-east-1:177256262739:bkfu53vpj1",
            "fail_on_warnings": null,
            "id": "bkfu53vpj1",
            "minimum_compression_size": "",
            "name": "reddit-api",
            "parameters": null,
            "policy": "",
            "put_rest_api_mode": null,
            "root_resource_id": "zuoh4hb60h",
            "tags": {},
            "tags_all": {}
          },
          "sensitive_attributes": [],
          "private": "bnVsbA=="
        }
      ]
    },
    {
      "mode": "managed",
      "type": "aws_cloudwatch_event_rule",
      "name": "every_hour",
      "provider": "provider[\"registry.terraform.io/hashicorp/aws\"]",
      "instances": [
        {
          "schema_version": 0,
          "attributes": {
            "arn": "arn:aws:events:us-east-1:177256262739:rule/every-hour",
            "description": "Fires every hour",
            "event_bus_name": "default",
            "event_pattern": null,
            "id": "every-hour",
            "is_enabled": true,
            "name": "every-hour",
            "name_prefix": "",
            "role_arn": "",
            "schedule_expression": "cron(0 * * * ? *)",
            "tags": {},
            "tags_all": {}
          },
          "sensitive_attributes": [],
          "private": "bnVsbA=="
        }
      ]
    },
    {
      "mode": "managed",
      "type": "aws_cloudwatch_event_target",
      "name": "run_scraper",
      "provider": "provider[\"registry.terraform.io/hashicorp/aws\"]",
      "instances": [
        {
          "schema_version": 1,
          "attributes": {
            "arn": "arn:aws:lambda:us-east-1:177256262739:function:reddit-scraper",
            "batch_target": [],
            "dead_letter_config": [],
            "ecs_target": [],
            "event_bus_name": "default",
            "http_target": [],
            "id": "every-hour-run_scraper",
            "input": "",
            "input_path": "",
            "input_transformer": [],
            "kinesis_target": [],
            "redshift_target": [],
            "retry_policy": [],
            "role_arn": "",
            "rule": "every-hour",
            "run_command_targets": [],
            "sqs_target": [],
            "target_id": "run_scraper"
          },
          "sensitive_attributes": [],
          "private": "eyJzY2hlbWFfdmVyc2lvbiI6IjEifQ==",
          "dependencies": [
            "aws_cloudwatch_event_rule.every_hour",
            "aws_iam_role.reddit_scraper_lambda_role",
            "aws_lambda_function.scraper_lambda",
            "aws_s3_bucket.reddit-api-binary-bucket",
            "aws_s3_object.scraper_upload",
            "aws_sqs_queue.data_queue",
            "data.archive_file.scraper_zip",
            "null_resource.lambda_dependencies",
            "random_pet.lambda_binary_bucket_name"
          ]
        }
      ]
    },
    {
      "mode": "managed",
      "type": "aws_dynamodb_table",
      "name": "comments_table",
      "provider": "provider[\"registry.terraform.io/hashicorp/aws\"]",
      "instances": [
        {
          "schema_version": 1,
          "attributes": {
            "arn": "arn:aws:dynamodb:us-east-1:177256262739:table/reddit-comments-table",
            "attribute": [
              {
                "name": "post_id",
                "type": "S"
              }
            ],
            "billing_mode": "PAY_PER_REQUEST",
            "deletion_protection_enabled": false,
            "global_secondary_index": [],
            "hash_key": "post_id",
            "id": "reddit-comments-table",
            "local_secondary_index": [],
            "name": "reddit-comments-table",
            "point_in_time_recovery": [
              {
                "enabled": false
              }
            ],
            "range_key": null,
            "read_capacity": 0,
            "replica": [],
            "restore_date_time": null,
            "restore_source_name": null,
            "restore_to_latest_time": null,
            "server_side_encryption": [],
            "stream_arn": "",
            "stream_enabled": false,
            "stream_label": "",
            "stream_view_type": "",
            "table_class": "STANDARD",
            "tags": {
              "CreatedBy": "Terraform",
              "Project": "reddit-scraper"
            },
            "tags_all": {
              "CreatedBy": "Terraform",
              "Project": "reddit-scraper"
            },
            "timeouts": null,
            "ttl": [
              {
                "attribute_name": "",
                "enabled": false
              }
            ],
            "write_capacity": 0
          },
          "sensitive_attributes": [],
          "private": "eyJlMmJmYjczMC1lY2FhLTExZTYtOGY4OC0zNDM2M2JjN2M0YzAiOnsiY3JlYXRlIjoxODAwMDAwMDAwMDAwLCJkZWxldGUiOjYwMDAwMDAwMDAwMCwidXBkYXRlIjozNjAwMDAwMDAwMDAwfSwic2NoZW1hX3ZlcnNpb24iOiIxIn0="
        }
      ]
    },
    {
      "mode": "managed",
      "type": "aws_dynamodb_table",
      "name": "posts_table",
      "provider": "provider[\"registry.terraform.io/hashicorp/aws\"]",
      "instances": [
        {
          "schema_version": 1,
          "attributes": {
            "arn": "arn:aws:dynamodb:us-east-1:177256262739:table/reddit-posts-table",
            "attribute": [
              {
                "name": "post_id",
                "type": "S"
              },
              {
                "name": "subreddit",
                "type": "S"
              },
              {
                "name": "timestamp",
                "type": "N"
              }
            ],
            "billing_mode": "PAY_PER_REQUEST",
            "deletion_protection_enabled": false,
            "global_secondary_index": [
              {
                "hash_key": "subreddit",
                "name": "subreddit-timestamp-index",
                "non_key_attributes": [],
                "projection_type": "ALL",
                "range_key": "timestamp",
                "read_capacity": 0,
                "write_capacity": 0
              }
            ],
            "hash_key": "post_id",
            "id": "reddit-posts-table",
            "local_secondary_index": [],
            "name": "reddit-posts-table",
            "point_in_time_recovery": [
              {
                "enabled": false
              }
            ],
            "range_key": null,
            "read_capacity": 0,
            "replica": [],
            "restore_date_time": null,
            "restore_source_name": null,
            "restore_to_latest_time": null,
            "server_side_encryption": [],
            "stream_arn": "",
            "stream_enabled": false,
            "stream_label": "",
            "stream_view_type": "",
            "table_class": "STANDARD",
            "tags": {
              "CreatedBy": "Terraform",
              "Project": "reddit-scraper"
            },
            "tags_all": {
              "CreatedBy": "Terraform",
              "Project": "reddit-scraper"
            },
            "timeouts": null,
            "ttl": [
              {
                "attribute_name": "",
                "enabled": false
              }
            ],
            "write_capacity": 0
          },
          "sensitive_attributes": [],
          "private": "eyJlMmJmYjczMC1lY2FhLTExZTYtOGY4OC0zNDM2M2JjN2M0YzAiOnsiY3JlYXRlIjoxODAwMDAwMDAwMDAwLCJkZWxldGUiOjYwMDAwMDAwMDAwMCwidXBkYXRlIjozNjAwMDAwMDAwMDAwfSwic2NoZW1hX3ZlcnNpb24iOiIxIn0="
        }
      ]
    },
    {
      "mode": "managed",
      "type": "aws_iam_policy",
      "name": "reddit_api_lambda_policy",
      "provider": "provider[\"registry.terraform.io/hashicorp/aws\"]",
      "instances": [
        {
          "schema_version": 0,
          "attributes": {
            "arn": "arn:aws:iam::177256262739:policy/api-lambda-sqs-policy",
            "description": "IAM policy for API Lambda to access dynamodb",
            "id": "arn:aws:iam::177256262739:policy/api-lambda-sqs-policy",
            "name": "api-lambda-sqs-policy",
            "name_prefix": "",
            "path": "/",
            "policy": "{\"Statement\":[{\"Action\":[\"dynamodb:GetItem\"],\"Effect\":\"Allow\",\"Resource\":[\"arn:aws:dynamodb:us-east-1:177256262739:table/reddit-posts-table\",\"arn:aws:dynamodb:us-east-1:177256262739:table/reddit-comments-table\"]}],\"Version\":\"2012-10-17\"}",
            "policy_id": "ANPASSRKL5RJ3ANWK4FM2",
            "tags": {},
            "tags_all": {}
          },
          "sensitive_attributes": [],
          "private": "bnVsbA==",
          "dependencies": [
            "aws_dynamodb_table.comments_table",
            "aws_dynamodb_table.posts_table"
          ]
        }
      ]
    },
    {
      "mode": "managed",
      "type": "aws_iam_policy",
      "name": "reddit_loader_lambda_policy",
      "provider": "provider[\"registry.terraform.io/hashicorp/aws\"]",
      "instances": [
        {
          "schema_version": 0,
          "attributes": {
            "arn": "arn:aws:iam::177256262739:policy/loader-lambda-sqs-policy",
            "description": "IAM policy for Loader Lambda to access SQS and dynamodb",
            "id": "arn:aws:iam::177256262739:policy/loader-lambda-sqs-policy",
            "name": "loader-lambda-sqs-policy",
            "name_prefix": "",
            "path": "/",
            "policy": "{\"Statement\":[{\"Action\":[\"dynamodb:PutItem\",\"dynamodb:UpdateItem\",\"dynamodb:DeleteItem\"],\"Effect\":\"Allow\",\"Resource\":[\"arn:aws:dynamodb:us-east-1:177256262739:table/reddit-posts-table\",\"arn:aws:dynamodb:us-east-1:177256262739:table/reddit-comments-table\"]},{\"Action\":[\"sqs:ReceiveMessage\",\"sqs:DeleteMessage\",\"sqs:GetQueueAttributes\"],\"Effect\":\"Allow\",\"Resource\":\"arn:aws:sqs:us-east-1:177256262739:reddit-scraper-queue\"}],\"Version\":\"2012-10-17\"}",
            "policy_id": "ANPASSRKL5RJWL6GXR2YD",
            "tags": {},
            "tags_all": {}
          },
          "sensitive_attributes": [],
          "private": "bnVsbA==",
          "dependencies": [
            "aws_dynamodb_table.comments_table",
            "aws_dynamodb_table.posts_table",
            "aws_sqs_queue.data_queue"
          ]
        }
      ]
    },
    {
      "mode": "managed",
      "type": "aws_iam_policy",
      "name": "reddit_scraper_lambda_policy",
      "provider": "provider[\"registry.terraform.io/hashicorp/aws\"]",
      "instances": [
        {
          "schema_version": 0,
          "attributes": {
            "arn": "arn:aws:iam::177256262739:policy/scraper-lambda-policy",
            "description": "IAM policy for Lambda to access reddit SQS",
            "id": "arn:aws:iam::177256262739:policy/scraper-lambda-policy",
            "name": "scraper-lambda-policy",
            "name_prefix": "",
            "path": "/",
            "policy": "{\"Statement\":[{\"Action\":[\"sqs:SendMessage\",\"sqs:SendMessageBatch\",\"sqs:GetQueueAttributes\"],\"Effect\":\"Allow\",\"Resource\":\"arn:aws:sqs:us-east-1:177256262739:reddit-scraper-queue\"}],\"Version\":\"2012-10-17\"}",
            "policy_id": "ANPASSRKL5RJU7WUJWZAD",
            "tags": {},
            "tags_all": {}
          },
          "sensitive_attributes": [],
          "private": "bnVsbA==",
          "dependencies": [
            "aws_sqs_queue.data_queue"
          ]
        }
      ]
    },
    {
      "mode": "managed",
      "type": "aws_iam_role",
      "name": "reddit_api_lambda_role",
      "provider": "provider[\"registry.terraform.io/hashicorp/aws\"]",
      "instances": [
        {
          "schema_version": 0,
          "attributes": {
            "arn": "arn:aws:iam::177256262739:role/reddit-api-lambda-role",
            "assume_role_policy": "{\"Statement\":[{\"Action\":\"sts:AssumeRole\",\"Effect\":\"Allow\",\"Principal\":{\"Service\":\"lambda.amazonaws.com\"}}],\"Version\":\"2012-10-17\"}",
            "create_date": "2023-08-11T02:24:17Z",
            "description": "",
            "force_detach_policies": false,
            "id": "reddit-api-lambda-role",
            "inline_policy": [],
            "managed_policy_arns": [
              "arn:aws:iam::177256262739:policy/api-lambda-sqs-policy",
              "arn:aws:iam::aws:policy/service-role/AWSLambdaBasicExecutionRole"
            ],
            "max_session_duration": 3600,
            "name": "reddit-api-lambda-role",
            "name_prefix": "",
            "path": "/",
            "permissions_boundary": null,
            "tags": {},
            "tags_all": {},
            "unique_id": "AROASSRKL5RJ2GXVNANEL"
          },
          "sensitive_attributes": [],
          "private": "bnVsbA=="
        }
      ]
    },
    {
      "mode": "managed",
      "type": "aws_iam_role",
      "name": "reddit_loader_lambda_role",
      "provider": "provider[\"registry.terraform.io/hashicorp/aws\"]",
      "instances": [
        {
          "schema_version": 0,
          "attributes": {
            "arn": "arn:aws:iam::177256262739:role/reddit-loader-lambda-role",
            "assume_role_policy": "{\"Statement\":[{\"Action\":\"sts:AssumeRole\",\"Effect\":\"Allow\",\"Principal\":{\"Service\":\"lambda.amazonaws.com\"}}],\"Version\":\"2012-10-17\"}",
            "create_date": "2023-08-10T21:33:01Z",
            "description": "",
            "force_detach_policies": false,
            "id": "reddit-loader-lambda-role",
            "inline_policy": [],
            "managed_policy_arns": [
              "arn:aws:iam::177256262739:policy/loader-lambda-sqs-policy",
              "arn:aws:iam::aws:policy/service-role/AWSLambdaBasicExecutionRole"
            ],
            "max_session_duration": 3600,
            "name": "reddit-loader-lambda-role",
            "name_prefix": "",
            "path": "/",
            "permissions_boundary": null,
            "tags": {},
            "tags_all": {},
            "unique_id": "AROASSRKL5RJU7XGS5DAM"
          },
          "sensitive_attributes": [],
          "private": "bnVsbA=="
        }
      ]
    },
    {
      "mode": "managed",
      "type": "aws_iam_role",
      "name": "reddit_scraper_lambda_role",
      "provider": "provider[\"registry.terraform.io/hashicorp/aws\"]",
      "instances": [
        {
          "schema_version": 0,
          "attributes": {
            "arn": "arn:aws:iam::177256262739:role/reddit-scraper-lambda-role",
            "assume_role_policy": "{\"Statement\":[{\"Action\":\"sts:AssumeRole\",\"Effect\":\"Allow\",\"Principal\":{\"Service\":\"lambda.amazonaws.com\"}}],\"Version\":\"2012-10-17\"}",
            "create_date": "2023-08-09T02:53:13Z",
            "description": "",
            "force_detach_policies": false,
            "id": "reddit-scraper-lambda-role",
            "inline_policy": [],
            "managed_policy_arns": [
              "arn:aws:iam::177256262739:policy/scraper-lambda-policy",
              "arn:aws:iam::aws:policy/service-role/AWSLambdaBasicExecutionRole"
            ],
            "max_session_duration": 3600,
            "name": "reddit-scraper-lambda-role",
            "name_prefix": "",
            "path": "/",
            "permissions_boundary": null,
            "tags": {},
            "tags_all": {},
            "unique_id": "AROASSRKL5RJTVUXBUUEL"
          },
          "sensitive_attributes": [],
          "private": "bnVsbA=="
        }
      ]
    },
    {
      "mode": "managed",
      "type": "aws_iam_role_policy_attachment",
      "name": "reddit_api_lambda_basic_execution",
      "provider": "provider[\"registry.terraform.io/hashicorp/aws\"]",
      "instances": [
        {
          "schema_version": 0,
          "attributes": {
            "id": "reddit-api-lambda-role-20230811022418917800000001",
            "policy_arn": "arn:aws:iam::aws:policy/service-role/AWSLambdaBasicExecutionRole",
            "role": "reddit-api-lambda-role"
          },
          "sensitive_attributes": [],
          "private": "bnVsbA==",
          "dependencies": [
            "aws_iam_role.reddit_api_lambda_role"
          ]
        }
      ]
    },
    {
      "mode": "managed",
      "type": "aws_iam_role_policy_attachment",
      "name": "reddit_api_lambda_policy_attachment",
      "provider": "provider[\"registry.terraform.io/hashicorp/aws\"]",
      "instances": [
        {
          "schema_version": 0,
          "attributes": {
            "id": "reddit-api-lambda-role-20230811022418923100000002",
            "policy_arn": "arn:aws:iam::177256262739:policy/api-lambda-sqs-policy",
            "role": "reddit-api-lambda-role"
          },
          "sensitive_attributes": [],
          "private": "bnVsbA==",
          "dependencies": [
            "aws_dynamodb_table.comments_table",
            "aws_dynamodb_table.posts_table",
            "aws_iam_policy.reddit_api_lambda_policy",
            "aws_iam_role.reddit_api_lambda_role"
          ]
        }
      ]
    },
    {
      "mode": "managed",
      "type": "aws_iam_role_policy_attachment",
      "name": "reddit_loader_lambda_basic_execution",
      "provider": "provider[\"registry.terraform.io/hashicorp/aws\"]",
      "instances": [
        {
          "schema_version": 0,
          "attributes": {
            "id": "reddit-loader-lambda-role-20230810213302039600000001",
            "policy_arn": "arn:aws:iam::aws:policy/service-role/AWSLambdaBasicExecutionRole",
            "role": "reddit-loader-lambda-role"
          },
          "sensitive_attributes": [],
          "private": "bnVsbA==",
          "dependencies": [
            "aws_iam_role.reddit_loader_lambda_role"
          ]
        }
      ]
    },
    {
      "mode": "managed",
      "type": "aws_iam_role_policy_attachment",
      "name": "reddit_loader_lambda_policy_attachment",
      "provider": "provider[\"registry.terraform.io/hashicorp/aws\"]",
      "instances": [
        {
          "schema_version": 0,
          "attributes": {
            "id": "reddit-loader-lambda-role-20230810213917609900000001",
            "policy_arn": "arn:aws:iam::177256262739:policy/loader-lambda-sqs-policy",
            "role": "reddit-loader-lambda-role"
          },
          "sensitive_attributes": [],
          "private": "bnVsbA==",
          "dependencies": [
            "aws_dynamodb_table.comments_table",
            "aws_dynamodb_table.posts_table",
            "aws_iam_policy.reddit_loader_lambda_policy",
            "aws_iam_role.reddit_loader_lambda_role",
            "aws_sqs_queue.data_queue"
          ]
        }
      ]
    },
    {
      "mode": "managed",
      "type": "aws_iam_role_policy_attachment",
      "name": "reddit_scraper_lambda_basic_execution",
      "provider": "provider[\"registry.terraform.io/hashicorp/aws\"]",
      "instances": [
        {
          "schema_version": 0,
          "attributes": {
            "id": "reddit-scraper-lambda-role-20230809025314478600000002",
            "policy_arn": "arn:aws:iam::aws:policy/service-role/AWSLambdaBasicExecutionRole",
            "role": "reddit-scraper-lambda-role"
          },
          "sensitive_attributes": [],
          "private": "bnVsbA==",
          "dependencies": [
            "aws_iam_role.reddit_scraper_lambda_role"
          ]
        }
      ]
    },
    {
      "mode": "managed",
      "type": "aws_iam_role_policy_attachment",
      "name": "reddit_scraper_lambda_policy_attachment",
      "provider": "provider[\"registry.terraform.io/hashicorp/aws\"]",
      "instances": [
        {
          "schema_version": 0,
          "attributes": {
            "id": "reddit-scraper-lambda-role-20230810213917952600000002",
            "policy_arn": "arn:aws:iam::177256262739:policy/scraper-lambda-policy",
            "role": "reddit-scraper-lambda-role"
          },
          "sensitive_attributes": [],
          "private": "bnVsbA==",
          "dependencies": [
            "aws_iam_policy.reddit_scraper_lambda_policy",
            "aws_iam_role.reddit_scraper_lambda_role",
            "aws_sqs_queue.data_queue"
          ]
        }
      ]
    },
    {
      "mode": "managed",
      "type": "aws_lambda_event_source_mapping",
      "name": "loader",
      "provider": "provider[\"registry.terraform.io/hashicorp/aws\"]",
      "instances": [
        {
          "schema_version": 0,
          "attributes": {
            "amazon_managed_kafka_event_source_config": [],
            "batch_size": 10,
            "bisect_batch_on_function_error": false,
            "destination_config": [],
            "document_db_event_source_config": [],
            "enabled": true,
            "event_source_arn": "arn:aws:sqs:us-east-1:177256262739:reddit-scraper-queue",
            "filter_criteria": [],
            "function_arn": "arn:aws:lambda:us-east-1:177256262739:function:reddit-loader",
            "function_name": "arn:aws:lambda:us-east-1:177256262739:function:reddit-loader",
            "function_response_types": [],
            "id": "90376b58-82d9-4332-bcde-1b98ad184320",
            "last_modified": "2023-08-10T23:41:46Z",
            "last_processing_result": "",
            "maximum_batching_window_in_seconds": 0,
            "maximum_record_age_in_seconds": 0,
            "maximum_retry_attempts": 0,
            "parallelization_factor": 0,
            "queues": [],
            "scaling_config": [],
            "self_managed_event_source": [],
            "self_managed_kafka_event_source_config": [],
            "source_access_configuration": [],
            "starting_position": "",
            "starting_position_timestamp": "",
            "state": "Enabled",
            "state_transition_reason": "USER_INITIATED",
            "topics": [],
            "tumbling_window_in_seconds": 0,
            "uuid": "90376b58-82d9-4332-bcde-1b98ad184320"
          },
          "sensitive_attributes": [],
          "private": "bnVsbA==",
          "dependencies": [
            "aws_dynamodb_table.comments_table",
            "aws_dynamodb_table.posts_table",
            "aws_iam_role.reddit_loader_lambda_role",
            "aws_lambda_function.loader_lambda",
            "aws_s3_bucket.reddit-api-binary-bucket",
            "aws_s3_object.loader_upload",
            "aws_sqs_queue.data_queue",
            "data.archive_file.loader_zip",
            "null_resource.loader_lambda_dependencies",
            "random_pet.lambda_binary_bucket_name"
          ]
        }
      ]
    },
    {
      "mode": "managed",
      "type": "aws_lambda_function",
      "name": "api",
      "provider": "provider[\"registry.terraform.io/hashicorp/aws\"]",
      "instances": [
        {
          "schema_version": 0,
          "attributes": {
            "architectures": [
              "x86_64"
            ],
            "arn": "arn:aws:lambda:us-east-1:177256262739:function:reddit-api",
            "code_signing_config_arn": "",
            "dead_letter_config": [],
            "description": "",
            "environment": [
              {
                "variables": {
                  "COMMENT_TABLE_NAME": "reddit-comments-table",
                  "POST_TABLE_NAME": "reddit-posts-table"
                }
              }
            ],
            "ephemeral_storage": [
              {
                "size": 512
              }
            ],
            "file_system_config": [],
            "filename": null,
            "function_name": "reddit-api",
            "handler": "api",
            "id": "reddit-api",
            "image_config": [],
            "image_uri": "",
            "invoke_arn": "arn:aws:apigateway:us-east-1:lambda:path/2015-03-31/functions/arn:aws:lambda:us-east-1:177256262739:function:reddit-api/invocations",
            "kms_key_arn": "",
            "last_modified": "2023-08-11T04:54:15.000+0000",
            "layers": [],
            "memory_size": 128,
            "package_type": "Zip",
            "publish": false,
            "qualified_arn": "arn:aws:lambda:us-east-1:177256262739:function:reddit-api:$LATEST",
            "qualified_invoke_arn": "arn:aws:apigateway:us-east-1:lambda:path/2015-03-31/functions/arn:aws:lambda:us-east-1:177256262739:function:reddit-api:$LATEST/invocations",
            "replace_security_groups_on_destroy": null,
            "replacement_security_group_ids": null,
            "reserved_concurrent_executions": -1,
            "role": "arn:aws:iam::177256262739:role/reddit-api-lambda-role",
            "runtime": "go1.x",
            "s3_bucket": "reddit-api-dreamsofcode-pumped-mongoose",
            "s3_key": "api.zip",
            "s3_object_version": null,
            "signing_job_arn": "",
            "signing_profile_version_arn": "",
            "skip_destroy": false,
            "snap_start": [],
            "source_code_hash": "GKaxyhJDF/Eh+tMXhu70Xy+UqjBOAZ138ayUhfoZows=",
            "source_code_size": 7210709,
            "tags": {
              "CreatedBy": "Terraform",
              "Project": "reddit-scraper"
            },
            "tags_all": {
              "CreatedBy": "Terraform",
              "Project": "reddit-scraper"
            },
            "timeout": 30,
            "timeouts": null,
            "tracing_config": [
              {
                "mode": "PassThrough"
              }
            ],
            "version": "$LATEST",
            "vpc_config": []
          },
          "sensitive_attributes": [],
          "private": "eyJlMmJmYjczMC1lY2FhLTExZTYtOGY4OC0zNDM2M2JjN2M0YzAiOnsiY3JlYXRlIjo2MDAwMDAwMDAwMDAsImRlbGV0ZSI6NjAwMDAwMDAwMDAwLCJ1cGRhdGUiOjYwMDAwMDAwMDAwMH19",
          "dependencies": [
            "aws_dynamodb_table.comments_table",
            "aws_dynamodb_table.posts_table",
            "aws_iam_role.reddit_api_lambda_role",
            "aws_s3_bucket.reddit-api-binary-bucket",
            "aws_s3_object.api_upload",
            "data.archive_file.api_zip"
          ]
        }
      ]
    },
    {
      "mode": "managed",
      "type": "aws_lambda_function",
      "name": "loader_lambda",
      "provider": "provider[\"registry.terraform.io/hashicorp/aws\"]",
      "instances": [
        {
          "schema_version": 0,
          "attributes": {
            "architectures": [
              "x86_64"
            ],
            "arn": "arn:aws:lambda:us-east-1:177256262739:function:reddit-loader",
            "code_signing_config_arn": "",
            "dead_letter_config": [],
            "description": "",
            "environment": [
              {
                "variables": {
                  "COMMENT_TABLE_NAME": "reddit-comments-table",
                  "POST_TABLE_NAME": "reddit-posts-table"
                }
              }
            ],
            "ephemeral_storage": [
              {
                "size": 512
              }
            ],
            "file_system_config": [],
            "filename": null,
            "function_name": "reddit-loader",
            "handler": "loader",
            "id": "reddit-loader",
            "image_config": [],
            "image_uri": "",
            "invoke_arn": "arn:aws:apigateway:us-east-1:lambda:path/2015-03-31/functions/arn:aws:lambda:us-east-1:177256262739:function:reddit-loader/invocations",
            "kms_key_arn": "",
            "last_modified": "2023-08-11T02:05:02.000+0000",
            "layers": [],
            "memory_size": 128,
            "package_type": "Zip",
            "publish": false,
            "qualified_arn": "arn:aws:lambda:us-east-1:177256262739:function:reddit-loader:$LATEST",
            "qualified_invoke_arn": "arn:aws:apigateway:us-east-1:lambda:path/2015-03-31/functions/arn:aws:lambda:us-east-1:177256262739:function:reddit-loader:$LATEST/invocations",
            "replace_security_groups_on_destroy": null,
            "replacement_security_group_ids": null,
            "reserved_concurrent_executions": -1,
            "role": "arn:aws:iam::177256262739:role/reddit-loader-lambda-role",
            "runtime": "go1.x",
            "s3_bucket": "reddit-api-dreamsofcode-pumped-mongoose",
            "s3_key": "loader.zip",
            "s3_object_version": null,
            "signing_job_arn": "",
            "signing_profile_version_arn": "",
            "skip_destroy": false,
            "snap_start": [],
            "source_code_hash": "Bb74R4SXnmwHe7zrNhS4PEpFojWBG//WphsBdyN7/30=",
            "source_code_size": 7095861,
            "tags": {
              "CreatedBy": "Terraform",
              "Project": "reddit-scraper"
            },
            "tags_all": {
              "CreatedBy": "Terraform",
              "Project": "reddit-scraper"
            },
            "timeout": 30,
            "timeouts": null,
            "tracing_config": [
              {
                "mode": "PassThrough"
              }
            ],
            "version": "$LATEST",
            "vpc_config": []
          },
          "sensitive_attributes": [],
          "private": "eyJlMmJmYjczMC1lY2FhLTExZTYtOGY4OC0zNDM2M2JjN2M0YzAiOnsiY3JlYXRlIjo2MDAwMDAwMDAwMDAsImRlbGV0ZSI6NjAwMDAwMDAwMDAwLCJ1cGRhdGUiOjYwMDAwMDAwMDAwMH19",
          "dependencies": [
            "aws_dynamodb_table.comments_table",
            "aws_dynamodb_table.posts_table",
            "aws_iam_role.reddit_loader_lambda_role",
            "aws_s3_bucket.reddit-api-binary-bucket",
            "aws_s3_object.loader_upload",
            "data.archive_file.loader_zip",
            "null_resource.loader_lambda_dependencies",
            "random_pet.lambda_binary_bucket_name"
          ]
        }
      ]
    },
    {
      "mode": "managed",
      "type": "aws_lambda_function",
      "name": "scraper_lambda",
      "provider": "provider[\"registry.terraform.io/hashicorp/aws\"]",
      "instances": [
        {
          "schema_version": 0,
          "attributes": {
            "architectures": [
              "x86_64"
            ],
            "arn": "arn:aws:lambda:us-east-1:177256262739:function:reddit-scraper",
            "code_signing_config_arn": "",
            "dead_letter_config": [],
            "description": "",
            "environment": [
              {
                "variables": {
                  "QUEUE_URL": "https://sqs.us-east-1.amazonaws.com/177256262739/reddit-scraper-queue"
                }
              }
            ],
            "ephemeral_storage": [
              {
                "size": 512
              }
            ],
            "file_system_config": [],
            "filename": "",
            "function_name": "reddit-scraper",
            "handler": "index.handler",
            "id": "reddit-scraper",
            "image_config": [],
            "image_uri": "",
            "invoke_arn": "arn:aws:apigateway:us-east-1:lambda:path/2015-03-31/functions/arn:aws:lambda:us-east-1:177256262739:function:reddit-scraper/invocations",
            "kms_key_arn": "",
            "last_modified": "2023-08-10T22:48:26.000+0000",
            "layers": [],
            "memory_size": 256,
            "package_type": "Zip",
            "publish": false,
            "qualified_arn": "arn:aws:lambda:us-east-1:177256262739:function:reddit-scraper:$LATEST",
            "qualified_invoke_arn": "arn:aws:apigateway:us-east-1:lambda:path/2015-03-31/functions/arn:aws:lambda:us-east-1:177256262739:function:reddit-scraper:$LATEST/invocations",
            "replace_security_groups_on_destroy": null,
            "replacement_security_group_ids": null,
            "reserved_concurrent_executions": -1,
            "role": "arn:aws:iam::177256262739:role/reddit-scraper-lambda-role",
            "runtime": "nodejs18.x",
            "s3_bucket": "reddit-api-dreamsofcode-pumped-mongoose",
            "s3_key": "scraper.zip",
            "s3_object_version": null,
            "signing_job_arn": "",
            "signing_profile_version_arn": "",
            "skip_destroy": false,
            "snap_start": [],
            "source_code_hash": "u9uwEP1/POFUa3KMU5Es1OGtPonn1ExquvsU0Bpu/uY=",
            "source_code_size": 63499796,
            "tags": {
              "CreatedBy": "Terraform",
              "Project": "reddit-scraper"
            },
            "tags_all": {
              "CreatedBy": "Terraform",
              "Project": "reddit-scraper"
            },
            "timeout": 900,
            "timeouts": null,
            "tracing_config": [
              {
                "mode": "PassThrough"
              }
            ],
            "version": "$LATEST",
            "vpc_config": []
          },
          "sensitive_attributes": [],
          "private": "eyJlMmJmYjczMC1lY2FhLTExZTYtOGY4OC0zNDM2M2JjN2M0YzAiOnsiY3JlYXRlIjo2MDAwMDAwMDAwMDAsImRlbGV0ZSI6NjAwMDAwMDAwMDAwLCJ1cGRhdGUiOjYwMDAwMDAwMDAwMH19",
          "dependencies": [
            "aws_iam_role.reddit_scraper_lambda_role",
            "aws_s3_bucket.reddit-api-binary-bucket",
            "aws_s3_object.scraper_upload",
            "aws_sqs_queue.data_queue",
            "data.archive_file.scraper_zip",
            "null_resource.lambda_dependencies",
            "random_pet.lambda_binary_bucket_name"
          ]
        }
      ]
    },
    {
      "mode": "managed",
      "type": "aws_lambda_permission",
      "name": "allow_cloudwatch_to_call_scraper",
      "provider": "provider[\"registry.terraform.io/hashicorp/aws\"]",
      "instances": [
        {
          "schema_version": 0,
          "attributes": {
            "action": "lambda:InvokeFunction",
            "event_source_token": null,
            "function_name": "reddit-scraper",
            "function_url_auth_type": null,
            "id": "AllowExecutionFromCloudWatch",
            "principal": "events.amazonaws.com",
            "principal_org_id": null,
            "qualifier": "",
            "source_account": null,
            "source_arn": "arn:aws:events:us-east-1:177256262739:rule/every-hour",
            "statement_id": "AllowExecutionFromCloudWatch",
            "statement_id_prefix": ""
          },
          "sensitive_attributes": [],
          "private": "bnVsbA==",
          "dependencies": [
            "aws_cloudwatch_event_rule.every_hour",
            "aws_iam_role.reddit_scraper_lambda_role",
            "aws_lambda_function.scraper_lambda",
            "aws_s3_bucket.reddit-api-binary-bucket",
            "aws_s3_object.scraper_upload",
            "aws_sqs_queue.data_queue",
            "data.archive_file.scraper_zip",
            "null_resource.lambda_dependencies",
            "random_pet.lambda_binary_bucket_name"
          ]
        }
      ]
    },
    {
      "mode": "managed",
      "type": "aws_lambda_permission",
      "name": "apigw",
      "provider": "provider[\"registry.terraform.io/hashicorp/aws\"]",
      "instances": [
        {
          "schema_version": 0,
          "attributes": {
            "action": "lambda:InvokeFunction",
            "event_source_token": null,
            "function_name": "reddit-api",
            "function_url_auth_type": null,
            "id": "AllowAPIGatewayInvoke",
            "principal": "apigateway.amazonaws.com",
            "principal_org_id": null,
            "qualifier": "",
            "source_account": null,
            "source_arn": "arn:aws:execute-api:us-east-1:177256262739:bkfu53vpj1/*/*",
            "statement_id": "AllowAPIGatewayInvoke",
            "statement_id_prefix": ""
          },
          "sensitive_attributes": [],
          "private": "bnVsbA==",
          "dependencies": [
            "aws_api_gateway_rest_api.reddit",
            "aws_dynamodb_table.comments_table",
            "aws_dynamodb_table.posts_table",
            "aws_iam_role.reddit_api_lambda_role",
            "aws_lambda_function.api",
            "aws_s3_bucket.reddit-api-binary-bucket",
            "aws_s3_object.api_upload",
            "data.archive_file.api_zip",
            "null_resource.api_dependencies",
            "random_pet.lambda_binary_bucket_name"
          ]
        }
      ]
    },
    {
      "mode": "managed",
      "type": "aws_s3_bucket",
      "name": "reddit-api-binary-bucket",
      "provider": "provider[\"registry.terraform.io/hashicorp/aws\"]",
      "instances": [
        {
          "schema_version": 0,
          "attributes": {
            "acceleration_status": "",
            "acl": null,
            "arn": "arn:aws:s3:::reddit-api-dreamsofcode-pumped-mongoose",
            "bucket": "reddit-api-dreamsofcode-pumped-mongoose",
            "bucket_domain_name": "reddit-api-dreamsofcode-pumped-mongoose.s3.amazonaws.com",
            "bucket_prefix": "",
            "bucket_regional_domain_name": "reddit-api-dreamsofcode-pumped-mongoose.s3.us-east-1.amazonaws.com",
            "cors_rule": [],
            "force_destroy": false,
            "grant": [
              {
                "id": "584ced3ea796562a2eca00283e3da6522f1316f2887e947e2e3c16b6dfc04b6a",
                "permissions": [
                  "FULL_CONTROL"
                ],
                "type": "CanonicalUser",
                "uri": ""
              }
            ],
            "hosted_zone_id": "Z3AQBSTGFYJSTF",
            "id": "reddit-api-dreamsofcode-pumped-mongoose",
            "lifecycle_rule": [],
            "logging": [],
            "object_lock_configuration": [],
            "object_lock_enabled": false,
            "policy": "",
            "region": "us-east-1",
            "replication_configuration": [],
            "request_payer": "BucketOwner",
            "server_side_encryption_configuration": [
              {
                "rule": [
                  {
                    "apply_server_side_encryption_by_default": [
                      {
                        "kms_master_key_id": "",
                        "sse_algorithm": "AES256"
                      }
                    ],
                    "bucket_key_enabled": false
                  }
                ]
              }
            ],
            "tags": {
              "CreatedBy": "Terraform",
              "Project": "reddit-scraper"
            },
            "tags_all": {
              "CreatedBy": "Terraform",
              "Project": "reddit-scraper"
            },
            "timeouts": null,
            "versioning": [
              {
                "enabled": false,
                "mfa_delete": false
              }
            ],
            "website": [],
            "website_domain": null,
            "website_endpoint": null
          },
          "sensitive_attributes": [],
          "private": "eyJlMmJmYjczMC1lY2FhLTExZTYtOGY4OC0zNDM2M2JjN2M0YzAiOnsiY3JlYXRlIjoxMjAwMDAwMDAwMDAwLCJkZWxldGUiOjM2MDAwMDAwMDAwMDAsInJlYWQiOjEyMDAwMDAwMDAwMDAsInVwZGF0ZSI6MTIwMDAwMDAwMDAwMH19",
          "dependencies": [
            "random_pet.lambda_binary_bucket_name"
          ]
        }
      ]
    },
    {
      "mode": "managed",
      "type": "aws_s3_object",
      "name": "api_upload",
      "provider": "provider[\"registry.terraform.io/hashicorp/aws\"]",
      "instances": [
        {
          "schema_version": 0,
          "attributes": {
            "acl": null,
            "bucket": "reddit-api-dreamsofcode-pumped-mongoose",
            "bucket_key_enabled": false,
            "cache_control": "",
            "content": null,
            "content_base64": null,
            "content_disposition": "",
            "content_encoding": "",
            "content_language": "",
            "content_type": "binary/octet-stream",
            "etag": "c785d389728d811e96b6001dd53ea507-2",
            "force_destroy": false,
            "id": "api.zip",
            "key": "api.zip",
            "kms_key_id": null,
            "metadata": {},
            "object_lock_legal_hold_status": "",
            "object_lock_mode": "",
            "object_lock_retain_until_date": "",
            "server_side_encryption": "AES256",
            "source": "./.api.zip",
            "source_hash": null,
            "storage_class": "STANDARD",
            "tags": {},
            "tags_all": {},
            "version_id": "",
            "website_redirect": ""
          },
          "sensitive_attributes": [],
          "private": "bnVsbA==",
          "dependencies": [
            "aws_s3_bucket.reddit-api-binary-bucket",
            "data.archive_file.api_zip"
          ]
        }
      ]
    },
    {
      "mode": "managed",
      "type": "aws_s3_object",
      "name": "loader_upload",
      "provider": "provider[\"registry.terraform.io/hashicorp/aws\"]",
      "instances": [
        {
          "schema_version": 0,
          "attributes": {
            "acl": null,
            "bucket": "reddit-api-dreamsofcode-pumped-mongoose",
            "bucket_key_enabled": false,
            "cache_control": "",
            "content": null,
            "content_base64": null,
            "content_disposition": "",
            "content_encoding": "",
            "content_language": "",
            "content_type": "binary/octet-stream",
            "etag": "1f8e4b5b06b0d55b4bdee67127662787-2",
            "force_destroy": false,
            "id": "loader.zip",
            "key": "loader.zip",
            "kms_key_id": null,
            "metadata": {},
            "object_lock_legal_hold_status": "",
            "object_lock_mode": "",
            "object_lock_retain_until_date": "",
            "server_side_encryption": "AES256",
            "source": "./.loader.zip",
            "source_hash": null,
            "storage_class": "STANDARD",
            "tags": {},
            "tags_all": {},
            "version_id": "",
            "website_redirect": ""
          },
          "sensitive_attributes": [],
          "private": "bnVsbA==",
          "dependencies": [
            "aws_s3_bucket.reddit-api-binary-bucket",
            "data.archive_file.loader_zip"
          ]
        }
      ]
    },
    {
      "mode": "managed",
      "type": "aws_s3_object",
      "name": "scraper_upload",
      "provider": "provider[\"registry.terraform.io/hashicorp/aws\"]",
      "instances": [
        {
          "schema_version": 0,
          "attributes": {
            "acl": null,
            "bucket": "reddit-api-dreamsofcode-pumped-mongoose",
            "bucket_key_enabled": false,
            "cache_control": "",
            "content": null,
            "content_base64": null,
            "content_disposition": "",
            "content_encoding": "",
            "content_language": "",
            "content_type": "binary/octet-stream",
            "etag": "88d91b87a92c38e745d4be05bb9b30a0-13",
            "force_destroy": false,
            "id": "scraper.zip",
            "key": "scraper.zip",
            "kms_key_id": null,
            "metadata": {},
            "object_lock_legal_hold_status": "",
            "object_lock_mode": "",
            "object_lock_retain_until_date": "",
            "server_side_encryption": "AES256",
            "source": "./.lambda-bundle.zip",
            "source_hash": null,
            "storage_class": "STANDARD",
            "tags": {},
            "tags_all": {},
            "version_id": "",
            "website_redirect": ""
          },
          "sensitive_attributes": [],
          "private": "bnVsbA==",
          "dependencies": [
            "aws_s3_bucket.reddit-api-binary-bucket",
            "data.archive_file.scraper_zip"
          ]
        }
      ]
    },
    {
      "mode": "managed",
      "type": "aws_sqs_queue",
      "name": "data_queue",
      "provider": "provider[\"registry.terraform.io/hashicorp/aws\"]",
      "instances": [
        {
          "schema_version": 0,
          "attributes": {
            "arn": "arn:aws:sqs:us-east-1:177256262739:reddit-scraper-queue",
            "content_based_deduplication": false,
            "deduplication_scope": "",
            "delay_seconds": 0,
            "fifo_queue": false,
            "fifo_throughput_limit": "",
            "id": "https://sqs.us-east-1.amazonaws.com/177256262739/reddit-scraper-queue",
            "kms_data_key_reuse_period_seconds": 300,
            "kms_master_key_id": "",
            "max_message_size": 262144,
            "message_retention_seconds": 345600,
            "name": "reddit-scraper-queue",
            "name_prefix": "",
            "policy": "",
            "receive_wait_time_seconds": 0,
            "redrive_allow_policy": "",
            "redrive_policy": "",
            "sqs_managed_sse_enabled": true,
            "tags": {
              "CreatedBy": "Terraform",
              "Project": "reddit-scraper"
            },
            "tags_all": {
              "CreatedBy": "Terraform",
              "Project": "reddit-scraper"
            },
            "url": "https://sqs.us-east-1.amazonaws.com/177256262739/reddit-scraper-queue",
            "visibility_timeout_seconds": 30
          },
          "sensitive_attributes": [],
          "private": "bnVsbA=="
        }
      ]
    },
    {
      "mode": "managed",
      "type": "null_resource",
      "name": "api_dependencies",
      "provider": "provider[\"registry.terraform.io/hashicorp/null\"]",
      "instances": [
        {
          "schema_version": 0,
          "attributes": {
            "id": "6717723731201659906",
            "triggers": {
              "go": "41134b1f9c34f18e52fe71c88a584b32c48181da3bbd3184fb2cfaab34b4f8d2",
              "index": "c54be30f3e429d8dcf0c20b75e9bb45bd2bd72ea7615b43da101b660271d1f92",
              "shared": "4d1ddfde6df9a6d218d722a065f733cded20b23745f560c9a4a176d08ebb0072"
            }
          },
          "sensitive_attributes": []
        }
      ]
    },
    {
      "mode": "managed",
      "type": "null_resource",
      "name": "lambda_dependencies",
      "provider": "provider[\"registry.terraform.io/hashicorp/null\"]",
      "instances": [
        {
          "schema_version": 0,
          "attributes": {
            "id": "9222233058312040051",
            "triggers": {
              "index": "2bc32e60af09a03a809e8de653b83f4f78fa8d5133380c24475f2b84f27a7b6b",
              "lock": "ea13302c7b8ecfefe08d2d8453d70482bf1d90cc02221c58e27d2ec3593003eb",
              "node": "912939e9d8ece8ee95247c138a40d409dd09b0a2491c44cfc31e4e2ce5aabd9e",
              "package": "f24be6a90d5eb9687fe3dbb6d412a5364db75a83ad44f462c661c0c5226fff39"
            }
          },
          "sensitive_attributes": []
        }
      ]
    },
    {
      "mode": "managed",
      "type": "null_resource",
      "name": "loader_lambda_dependencies",
      "provider": "provider[\"registry.terraform.io/hashicorp/null\"]",
      "instances": [
        {
          "schema_version": 0,
          "attributes": {
            "id": "3525010024327679905",
            "triggers": {
              "go": "e91e3d285188f9b74b15ce61cdf3ce7e00eaa079e67836c0c4a60f54bbd60029",
              "index": "9012c2d6bbebb592bc53a4a813c063583d40c473f98e2d753af4312abba27388",
              "shared": "4d1ddfde6df9a6d218d722a065f733cded20b23745f560c9a4a176d08ebb0072"
            }
          },
          "sensitive_attributes": []
        }
      ]
    },
    {
      "mode": "managed",
      "type": "random_pet",
      "name": "lambda_binary_bucket_name",
      "provider": "provider[\"registry.terraform.io/hashicorp/random\"]",
      "instances": [
        {
          "schema_version": 0,
          "attributes": {
            "id": "dreamsofcode-pumped-mongoose",
            "keepers": null,
            "length": 2,
            "prefix": "dreamsofcode",
            "separator": "-"
          },
          "sensitive_attributes": [],
          "private": "bnVsbA=="
        }
      ]
    }
  ],
  "check_results": null
}
